{
  "name": "edutech-equipamentos",
  "lockfileVersion": 3,
  "requires": true,
  "packages": {
    "": {
      "name": "edutech-equipamentos",
      "workspaces": [
        "api",
        "web"
      ]
    },
    "api": {},
    "node_modules/api": {
      "resolved": "api",
      "link": true
    },
    "node_modules/web": {
      "resolved": "web",
      "link": true
    },
    "web": {}
  }
}
